PODS:
  - Google-Mobile-Ads-SDK (7.30.0)
  - Realm (3.3.2):
    - Realm/Headers (= 3.3.2)
  - Realm/Headers (3.3.2)
  - RealmSwift (3.3.2):
    - Realm (= 3.3.2)

DEPENDENCIES:
  - Google-Mobile-Ads-SDK
  - RealmSwift

SPEC REPOS:
  https://github.com/CocoaPods/Specs.git:
    - Google-Mobile-Ads-SDK
    - Realm
    - RealmSwift

SPEC CHECKSUMS:
  Google-Mobile-Ads-SDK: 7404f68120ae8682afeb5af001fbf4aad731c78e
  Realm: d927fbf66df5532cfafc08afb5f7e53ded37b894
  RealmSwift: 4e903a494e05d866581d69ad6f7e7b879d446baf

PODFILE CHECKSUM: 02784842026cdf9f8e3ff88df3b996d0bcafee1a

COCOAPODS: 1.5.0
